{
  "nodes": {
    "nix-index-database": {
      "inputs": {
        "nixpkgs": [
          "nixpkgs"
        ]
      },
      "locked": {
        "lastModified": 1725161148,
        "narHash": "sha256-WfAHq3Ag3vLNFfWxKHjFBFdPI6JIideWFJod9mx1eoo=",
        "owner": "nix-community",
        "repo": "nix-index-database",
        "rev": "32058e9138248874773630c846563b1a78ee7a5b",
        "type": "github"
      },
      "original": {
        "owner": "nix-community",
        "repo": "nix-index-database",
        "type": "github"
      }
    },
    "nixpkgs": {
      "locked": {
        "lastModified": 1725534445,
        "narHash": "sha256-Yd0FK9SkWy+ZPuNqUgmVPXokxDgMJoGuNpMEtkfcf84=",
        "owner": "NixOS",
        "repo": "nixpkgs",
        "rev": "9bb1e7571aadf31ddb4af77fc64b2d59580f9a39",
        "type": "github"
      },
      "original": {
        "owner": "NixOS",
        "ref": "nixpkgs-unstable",
        "repo": "nixpkgs",
        "type": "github"
      }
    },
    "nixpkgs-ondsel": {
      "locked": {
        "lastModified": 1718097792,
        "narHash": "sha256-f1oyyJcyyPXtMtAZEekRQR9YBE6vJQucmfVbxLYEf8s=",
        "owner": "pinpox",
        "repo": "nixpkgs",
        "rev": "5781e1bf41b332ab6032c70966e21b0de1ae297d",
        "type": "github"
      },
      "original": {
        "owner": "pinpox",
        "ref": "init-ondsel-src",
        "repo": "nixpkgs",
        "type": "github"
      }
    },
    "nixpkgs-stable": {
      "locked": {
        "lastModified": 1725581194,
        "narHash": "sha256-di1P+AD3ZITIV0y0hrjmzkg+psxhRhHKripyhLxV7Go=",
        "owner": "NixOS",
        "repo": "nixpkgs",
        "rev": "671258f6979f46299fc44e4bb2f7956fabbb0717",
        "type": "github"
      },
      "original": {
        "owner": "NixOS",
        "ref": "nixos-24.05-small",
        "repo": "nixpkgs",
        "type": "github"
      }
    },
    "root": {
      "inputs": {
        "nix-index-database": "nix-index-database",
        "nixpkgs": "nixpkgs",
        "nixpkgs-ondsel": "nixpkgs-ondsel",
        "nixpkgs-stable": "nixpkgs-stable"
      }
    }
  },
  "root": "root",
  "version": 7
}
